
Microsoft Visual Studio Solution File, Format Version 12.00
# Visual Studio 15
VisualStudioVersion = 15.0.27130.2020
MinimumVisualStudioVersion = 10.0.40219.1
Project("{FAE04EC0-301F-11D3-BF4B-00C04F79EFBC}") = "TestApi", "TestApi\TestApi.csproj", "{A0074A85-94E1-4F22-9217-330D3939593D}"
EndProject
Global
	GlobalSection(SolutionConfigurationPlatforms) = preSolution
		Debug|Any CPU = Debug|Any CPU
		Release|Any CPU = Release|Any CPU
	EndGlobalSection
	GlobalSection(ProjectConfigurationPlatforms) = postSolution
		{A0074A85-94E1-4F22-9217-330D3939593D}.Debug|Any CPU.ActiveCfg = Debug|Any CPU
		{A0074A85-94E1-4F22-9217-330D3939593D}.Debug|Any CPU.Build.0 = Debug|Any CPU
		{A0074A85-94E1-4F22-9217-330D3939593D}.Release|Any CPU.ActiveCfg = Release|Any CPU
		{A0074A85-94E1-4F22-9217-330D3939593D}.Release|Any CPU.Build.0 = Release|Any CPU
	EndGlobalSection
	GlobalSection(SolutionProperties) = preSolution
		HideSolutionNode = FALSE
	EndGlobalSection
	GlobalSection(ExtensibilityGlobals) = postSolution
		SolutionGuid = {F632967F-4CB4-44C0-9F85-4EE442A7433C}
	EndGlobalSection
EndGlobal
